// !$*UTF8*$!
{
	archiveVersion = 1;
	classes = {
	};
	objectVersion = 56;
	objects = {

/* Begin PBXBuildFile section */
		8B7165C22A88D30B003B5DDF /* News.swift in Sources */ = {isa = PBXBuildFile; fileRef = 8B7165C12A88D30B003B5DDF /* News.swift */; };
		CC6C3F3E2A6BB7E2007298BD /* capstone_finalApp.swift in Sources */ = {isa = PBXBuildFile; fileRef = CC6C3F3D2A6BB7E2007298BD /* capstone_finalApp.swift */; };
		CC6C3F402A6BB7E2007298BD /* ContentView.swift in Sources */ = {isa = PBXBuildFile; fileRef = CC6C3F3F2A6BB7E2007298BD /* ContentView.swift */; };
		CC6C3F422A6BB7E4007298BD /* Assets.xcassets in Resources */ = {isa = PBXBuildFile; fileRef = CC6C3F412A6BB7E4007298BD /* Assets.xcassets */; };
		CC6C3F452A6BB7E4007298BD /* Preview Assets.xcassets in Resources */ = {isa = PBXBuildFile; fileRef = CC6C3F442A6BB7E4007298BD /* Preview Assets.xcassets */; };
		CC6C3F4C2A6BBA5E007298BD /* MainView.swift in Sources */ = {isa = PBXBuildFile; fileRef = CC6C3F4B2A6BBA5E007298BD /* MainView.swift */; };
		CC6C3F502A80CCC7007298BD /* UnderMainView.swift in Sources */ = {isa = PBXBuildFile; fileRef = CC6C3F4F2A80CCC7007298BD /* UnderMainView.swift */; };
		CC6C3F542A80CD48007298BD /* Data.xcdatamodeld in Sources */ = {isa = PBXBuildFile; fileRef = CC6C3F522A80CD48007298BD /* Data.xcdatamodeld */; };
		CC6C3F562A80CE5B007298BD /* DataController.swift in Sources */ = {isa = PBXBuildFile; fileRef = CC6C3F552A80CE5B007298BD /* DataController.swift */; };
/* End PBXBuildFile section */

/* Begin PBXFileReference section */
		8B7165C12A88D30B003B5DDF /* News.swift */ = {isa = PBXFileReference; lastKnownFileType = sourcecode.swift; path = News.swift; sourceTree = "<group>"; };
		CC6C3F3A2A6BB7E2007298BD /* capstone_final.app */ = {isa = PBXFileReference; explicitFileType = wrapper.application; includeInIndex = 0; path = capstone_final.app; sourceTree = BUILT_PRODUCTS_DIR; };
		CC6C3F3D2A6BB7E2007298BD /* capstone_finalApp.swift */ = {isa = PBXFileReference; lastKnownFileType = sourcecode.swift; path = capstone_finalApp.swift; sourceTree = "<group>"; };
		CC6C3F3F2A6BB7E2007298BD /* ContentView.swift */ = {isa = PBXFileReference; lastKnownFileType = sourcecode.swift; path = ContentView.swift; sourceTree = "<group>"; };
		CC6C3F412A6BB7E4007298BD /* Assets.xcassets */ = {isa = PBXFileReference; lastKnownFileType = folder.assetcatalog; path = Assets.xcassets; sourceTree = "<group>"; };
		CC6C3F442A6BB7E4007298BD /* Preview Assets.xcassets */ = {isa = PBXFileReference; lastKnownFileType = folder.assetcatalog; path = "Preview Assets.xcassets"; sourceTree = "<group>"; };
		CC6C3F4B2A6BBA5E007298BD /* MainView.swift */ = {isa = PBXFileReference; lastKnownFileType = sourcecode.swift; path = MainView.swift; sourceTree = "<group>"; };
		CC6C3F4F2A80CCC7007298BD /* UnderMainView.swift */ = {isa = PBXFileReference; lastKnownFileType = sourcecode.swift; path = UnderMainView.swift; sourceTree = "<group>"; };
		CC6C3F532A80CD48007298BD /* Data.xcdatamodel */ = {isa = PBXFileReference; lastKnownFileType = wrapper.xcdatamodel; path = Data.xcdatamodel; sourceTree = "<group>"; };
		CC6C3F552A80CE5B007298BD /* DataController.swift */ = {isa = PBXFileReference; lastKnownFileType = sourcecode.swift; path = DataController.swift; sourceTree = "<group>"; };
/* End PBXFileReference section */

/* Begin PBXFrameworksBuildPhase section */
		CC6C3F372A6BB7E2007298BD /* Frameworks */ = {
			isa = PBXFrameworksBuildPhase;
			buildActionMask = 2147483647;
			files = (
			);
			runOnlyForDeploymentPostprocessing = 0;
		};
/* End PBXFrameworksBuildPhase section */

/* Begin PBXGroup section */
		CC6C3F312A6BB7E2007298BD = {
			isa = PBXGroup;
			children = (
				CC6C3F3C2A6BB7E2007298BD /* capstone_final */,
				CC6C3F3B2A6BB7E2007298BD /* Products */,
			);
			sourceTree = "<group>";
		};
		CC6C3F3B2A6BB7E2007298BD /* Products */ = {
			isa = PBXGroup;
			children = (
				CC6C3F3A2A6BB7E2007298BD /* capstone_final.app */,
			);
			name = Products;
			sourceTree = "<group>";
		};
		CC6C3F3C2A6BB7E2007298BD /* capstone_final */ = {
			isa = PBXGroup;
			children = (
				CC6C3F512A80CD34007298BD /* Model */,
				CC6C3F3D2A6BB7E2007298BD /* capstone_finalApp.swift */,
				CC6C3F3F2A6BB7E2007298BD /* ContentView.swift */,
				CC6C3F4B2A6BBA5E007298BD /* MainView.swift */,
				8B7165C12A88D30B003B5DDF /* News.swift */,
				CC6C3F4F2A80CCC7007298BD /* UnderMainView.swift */,
				CC6C3F412A6BB7E4007298BD /* Assets.xcassets */,
				CC6C3F432A6BB7E4007298BD /* Preview Content */,
			);
			path = capstone_final;
			sourceTree = "<group>";
		};
		CC6C3F432A6BB7E4007298BD /* Preview Content */ = {
			isa = PBXGroup;
			children = (
				CC6C3F442A6BB7E4007298BD /* Preview Assets.xcassets */,
			);
			path = "Preview Content";
			sourceTree = "<group>";
		};
		CC6C3F512A80CD34007298BD /* Model */ = {
			isa = PBXGroup;
			children = (
				CC6C3F522A80CD48007298BD /* Data.xcdatamodeld */,
				CC6C3F552A80CE5B007298BD /* DataController.swift */,
			);
			path = Model;
			sourceTree = "<group>";
		};
/* End PBXGroup section */

/* Begin PBXNativeTarget section */
		CC6C3F392A6BB7E2007298BD /* capstone_final */ = {
			isa = PBXNativeTarget;
			buildConfigurationList = CC6C3F482A6BB7E4007298BD /* Build configuration list for PBXNativeTarget "capstone_final" */;
			buildPhases = (
				CC6C3F362A6BB7E2007298BD /* Sources */,
				CC6C3F372A6BB7E2007298BD /* Frameworks */,
				CC6C3F382A6BB7E2007298BD /* Resources */,
			);
			buildRules = (
			);
			dependencies = (
			);
			name = capstone_final;
			productName = capstone_final;
			productReference = CC6C3F3A2A6BB7E2007298BD /* capstone_final.app */;
			productType = "com.apple.product-type.application";
		};
/* End PBXNativeTarget section */

/* Begin PBXProject section */
		CC6C3F322A6BB7E2007298BD /* Project object */ = {
			isa = PBXProject;
			attributes = {
				BuildIndependentTargetsInParallel = 1;
				LastSwiftUpdateCheck = 1430;
				LastUpgradeCheck = 1430;
				TargetAttributes = {
					CC6C3F392A6BB7E2007298BD = {
						CreatedOnToolsVersion = 14.3.1;
					};
				};
			};
			buildConfigurationList = CC6C3F352A6BB7E2007298BD /* Build configuration list for PBXProject "capstone_final" */;
			compatibilityVersion = "Xcode 14.0";
			developmentRegion = en;
			hasScannedForEncodings = 0;
			knownRegions = (
				en,
				Base,
			);
			mainGroup = CC6C3F312A6BB7E2007298BD;
			productRefGroup = CC6C3F3B2A6BB7E2007298BD /* Products */;
			projectDirPath = "";
			projectRoot = "";
			targets = (
				CC6C3F392A6BB7E2007298BD /* capstone_final */,
			);
		};
/* End PBXProject section */

/* Begin PBXResourcesBuildPhase section */
		CC6C3F382A6BB7E2007298BD /* Resources */ = {
			isa = PBXResourcesBuildPhase;
			buildActionMask = 2147483647;
			files = (
				CC6C3F452A6BB7E4007298BD /* Preview Assets.xcassets in Resources */,
				CC6C3F422A6BB7E4007298BD /* Assets.xcassets in Resources */,
			);
			runOnlyForDeploymentPostprocessing = 0;
		};
/* End PBXResourcesBuildPhase section */

/* Begin PBXSourcesBuildPhase section */
		CC6C3F362A6BB7E2007298BD /* Sources */ = {
			isa = PBXSourcesBuildPhase;
			buildActionMask = 2147483647;
			files = (
				8B7165C22A88D30B003B5DDF /* News.swift in Sources */,
				CC6C3F502A80CCC7007298BD /* UnderMainView.swift in Sources */,
				CC6C3F562A80CE5B007298BD /* DataController.swift in Sources */,
				CC6C3F402A6BB7E2007298BD /* ContentView.swift in Sources */,
				CC6C3F542A80CD48007298BD /* Data.xcdatamodeld in Sources */,
				CC6C3F4C2A6BBA5E007298BD /* MainView.swift in Sources */,
				CC6C3F3E2A6BB7E2007298BD /* capstone_finalApp.swift in Sources */,
			);
			runOnlyForDeploymentPostprocessing = 0;
		};
/* End PBXSourcesBuildPhase section */

/* Begin XCBuildConfiguration section */
		CC6C3F462A6BB7E4007298BD /* Debug */ = {
			isa = XCBuildConfiguration;
			buildSettings = {
				ALWAYS_SEARCH_USER_PATHS = NO;
				CLANG_ANALYZER_NONNULL = YES;
				CLANG_ANALYZER_NUMBER_OBJECT_CONVERSION = YES_AGGRESSIVE;
				CLANG_CXX_LANGUAGE_STANDARD = "gnu++20";
				CLANG_ENABLE_MODULES = YES;
				CLANG_ENABLE_OBJC_ARC = YES;
				CLANG_ENABLE_OBJC_WEAK = YES;
				CLANG_WARN_BLOCK_CAPTURE_AUTORELEASING = YES;
				CLANG_WARN_BOOL_CONVERSION = YES;
				CLANG_WARN_COMMA = YES;
				CLANG_WARN_CONSTANT_CONVERSION = YES;
				CLANG_WARN_DEPRECATED_OBJC_IMPLEMENTATIONS = YES;
				CLANG_WARN_DIRECT_OBJC_ISA_USAGE = YES_ERROR;
				CLANG_WARN_DOCUMENTATION_COMMENTS = YES;
				CLANG_WARN_EMPTY_BODY = YES;
				CLANG_WARN_ENUM_CONVERSION = YES;
				CLANG_WARN_INFINITE_RECURSION = YES;
				CLANG_WARN_INT_CONVERSION = YES;
				CLANG_WARN_NON_LITERAL_NULL_CONVERSION = YES;
				CLANG_WARN_OBJC_IMPLICIT_RETAIN_SELF = YES;
				CLANG_WARN_OBJC_LITERAL_CONVERSION = YES;
				CLANG_WARN_OBJC_ROOT_CLASS = YES_ERROR;
				CLANG_WARN_QUOTED_INCLUDE_IN_FRAMEWORK_HEADER = YES;
				CLANG_WARN_RANGE_LOOP_ANALYSIS = YES;
				CLANG_WARN_STRICT_PROTOTYPES = YES;
				CLANG_WARN_SUSPICIOUS_MOVE = YES;
				CLANG_WARN_UNGUARDED_AVAILABILITY = YES_AGGRESSIVE;
				CLANG_WARN_UNREACHABLE_CODE = YES;
				CLANG_WARN__DUPLICATE_METHOD_MATCH = YES;
				COPY_PHASE_STRIP = NO;
				DEBUG_INFORMATION_FORMAT = dwarf;
				ENABLE_STRICT_OBJC_MSGSEND = YES;
				ENABLE_TESTABILITY = YES;
				GCC_C_LANGUAGE_STANDARD = gnu11;
				GCC_DYNAMIC_NO_PIC = NO;
				GCC_NO_COMMON_BLOCKS = YES;
				GCC_OPTIMIZATION_LEVEL = 0;
				GCC_PREPROCESSOR_DEFINITIONS = (
					"DEBUG=1",
					"$(inherited)",
				);
				GCC_WARN_64_TO_32_BIT_CONVERSION = YES;
				GCC_WARN_ABOUT_RETURN_TYPE = YES_ERROR;
				GCC_WARN_UNDECLARED_SELECTOR = YES;
				GCC_WARN_UNINITIALIZED_AUTOS = YES_AGGRESSIVE;
				GCC_WARN_UNUSED_FUNCTION = YES;
				GCC_WARN_UNUSED_VARIABLE = YES;
				IPHONEOS_DEPLOYMENT_TARGET = 16.4;
				MTL_ENABLE_DEBUG_INFO = INCLUDE_SOURCE;
				MTL_FAST_MATH = YES;
				ONLY_ACTIVE_ARCH = YES;
				SDKROOT = iphoneos;
				SWIFT_ACTIVE_COMPILATION_CONDITIONS = DEBUG;
				SWIFT_OPTIMIZATION_LEVEL = "-Onone";
			};
			name = Debug;
		};
		CC6C3F472A6BB7E4007298BD /* Release */ = {
			isa = XCBuildConfiguration;
			buildSettings = {
				ALWAYS_SEARCH_USER_PATHS = NO;
				CLANG_ANALYZER_NONNULL = YES;
				CLANG_ANALYZER_NUMBER_OBJECT_CONVERSION = YES_AGGRESSIVE;
				CLANG_CXX_LANGUAGE_STANDARD = "gnu++20";
				CLANG_ENABLE_MODULES = YES;
				CLANG_ENABLE_OBJC_ARC = YES;
				CLANG_ENABLE_OBJC_WEAK = YES;
				CLANG_WARN_BLOCK_CAPTURE_AUTORELEASING = YES;
				CLANG_WARN_BOOL_CONVERSION = YES;
				CLANG_WARN_COMMA = YES;
				CLANG_WARN_CONSTANT_CONVERSION = YES;
				CLANG_WARN_DEPRECATED_OBJC_IMPLEMENTATIONS = YES;
				CLANG_WARN_DIRECT_OBJC_ISA_USAGE = YES_ERROR;
				CLANG_WARN_DOCUMENTATION_COMMENTS = YES;
				CLANG_WARN_EMPTY_BODY = YES;
				CLANG_WARN_ENUM_CONVERSION = YES;
				CLANG_WARN_INFINITE_RECURSION = YES;
				CLANG_WARN_INT_CONVERSION = YES;
				CLANG_WARN_NON_LITERAL_NULL_CONVERSION = YES;
				CLANG_WARN_OBJC_IMPLICIT_RETAIN_SELF = YES;
				CLANG_WARN_OBJC_LITERAL_CONVERSION = YES;
				CLANG_WARN_OBJC_ROOT_CLASS = YES_ERROR;
				CLANG_WARN_QUOTED_INCLUDE_IN_FRAMEWORK_HEADER = YES;
				CLANG_WARN_RANGE_LOOP_ANALYSIS = YES;
				CLANG_WARN_STRICT_PROTOTYPES = YES;
				CLANG_WARN_SUSPICIOUS_MOVE = YES;
				CLANG_WARN_UNGUARDED_AVAILABILITY = YES_AGGRESSIVE;
				CLANG_WARN_UNREACHABLE_CODE = YES;
				CLANG_WARN__DUPLICATE_METHOD_MATCH = YES;
				COPY_PHASE_STRIP = NO;
				DEBUG_INFORMATION_FORMAT = "dwarf-with-dsym";
				ENABLE_NS_ASSERTIONS = NO;
				ENABLE_STRICT_OBJC_MSGSEND = YES;
				GCC_C_LANGUAGE_STANDARD = gnu11;
				GCC_NO_COMMON_BLOCKS = YES;
				GCC_WARN_64_TO_32_BIT_CONVERSION = YES;
				GCC_WARN_ABOUT_RETURN_TYPE = YES_ERROR;
				GCC_WARN_UNDECLARED_SELECTOR = YES;
				GCC_WARN_UNINITIALIZED_AUTOS = YES_AGGRESSIVE;
				GCC_WARN_UNUSED_FUNCTION = YES;
				GCC_WARN_UNUSED_VARIABLE = YES;
				IPHONEOS_DEPLOYMENT_TARGET = 16.4;
				MTL_ENABLE_DEBUG_INFO = NO;
				MTL_FAST_MATH = YES;
				SDKROOT = iphoneos;
				SWIFT_COMPILATION_MODE = wholemodule;
				SWIFT_OPTIMIZATION_LEVEL = "-O";
				VALIDATE_PRODUCT = YES;
			};
			name = Release;
		};
		CC6C3F492A6BB7E4007298BD /* Debug */ = {
			isa = XCBuildConfiguration;
			buildSettings = {
				ASSETCATALOG_COMPILER_APPICON_NAME = AppIcon;
				ASSETCATALOG_COMPILER_GLOBAL_ACCENT_COLOR_NAME = AccentColor;
				CODE_SIGN_STYLE = Automatic;
				CURRENT_PROJECT_VERSION = 1;
				DEVELOPMENT_ASSET_PATHS = "\"capstone_final/Preview Content\"";
				ENABLE_PREVIEWS = YES;
				GENERATE_INFOPLIST_FILE = YES;
				INFOPLIST_KEY_UIApplicationSceneManifest_Generation = YES;
				INFOPLIST_KEY_UIApplicationSupportsIndirectInputEvents = YES;
				INFOPLIST_KEY_UILaunchScreen_Generation = YES;
				INFOPLIST_KEY_UISupportedInterfaceOrientations_iPad = "UIInterfaceOrientationPortrait UIInterfaceOrientationPortraitUpsideDown UIInterfaceOrientationLandscapeLeft UIInterfaceOrientationLandscapeRight";
				INFOPLIST_KEY_UISupportedInterfaceOrientations_iPhone = "UIInterfaceOrientationPortrait UIInterfaceOrientationLandscapeLeft UIInterfaceOrientationLandscapeRight";
				LD_RUNPATH_SEARCH_PATHS = (
					"$(inherited)",
					"@executable_path/Frameworks",
				);
				MARKETING_VERSION = 1.0;
				PRODUCT_BUNDLE_IDENTIFIER = "com.pmj.capstone-final";
				PRODUCT_NAME = "$(TARGET_NAME)";
				SWIFT_EMIT_LOC_STRINGS = YES;
				SWIFT_VERSION = 5.0;
				TARGETED_DEVICE_FAMILY = "1,2";
			};
			name = Debug;
		};
		CC6C3F4A2A6BB7E4007298BD /* Release */ = {
			isa = XCBuildConfiguration;
			buildSettings = {
				ASSETCATALOG_COMPILER_APPICON_NAME = AppIcon;
				ASSETCATALOG_COMPILER_GLOBAL_ACCENT_COLOR_NAME = AccentColor;
				CODE_SIGN_STYLE = Automatic;
				CURRENT_PROJECT_VERSION = 1;
				DEVELOPMENT_ASSET_PATHS = "\"capstone_final/Preview Content\"";
				ENABLE_PREVIEWS = YES;
				GENERATE_INFOPLIST_FILE = YES;
				INFOPLIST_KEY_UIApplicationSceneManifest_Generation = YES;
				INFOPLIST_KEY_UIApplicationSupportsIndirectInputEvents = YES;
				INFOPLIST_KEY_UILaunchScreen_Generation = YES;
				INFOPLIST_KEY_UISupportedInterfaceOrientations_iPad = "UIInterfaceOrientationPortrait UIInterfaceOrientationPortraitUpsideDown UIInterfaceOrientationLandscapeLeft UIInterfaceOrientationLandscapeRight";
				INFOPLIST_KEY_UISupportedInterfaceOrientations_iPhone = "UIInterfaceOrientationPortrait UIInterfaceOrientationLandscapeLeft UIInterfaceOrientationLandscapeRight";
				LD_RUNPATH_SEARCH_PATHS = (
					"$(inherited)",
					"@executable_path/Frameworks",
				);
				MARKETING_VERSION = 1.0;
				PRODUCT_BUNDLE_IDENTIFIER = "com.pmj.capstone-final";
				PRODUCT_NAME = "$(TARGET_NAME)";
				SWIFT_EMIT_LOC_STRINGS = YES;
				SWIFT_VERSION = 5.0;
				TARGETED_DEVICE_FAMILY = "1,2";
			};
			name = Release;
		};
/* End XCBuildConfiguration section */

/* Begin XCConfigurationList section */
		CC6C3F352A6BB7E2007298BD /* Build configuration list for PBXProject "capstone_final" */ = {
			isa = XCConfigurationList;
			buildConfigurations = (
				CC6C3F462A6BB7E4007298BD /* Debug */,
				CC6C3F472A6BB7E4007298BD /* Release */,
			);
			defaultConfigurationIsVisible = 0;
			defaultConfigurationName = Release;
		};
		CC6C3F482A6BB7E4007298BD /* Build configuration list for PBXNativeTarget "capstone_final" */ = {
			isa = XCConfigurationList;
			buildConfigurations = (
				CC6C3F492A6BB7E4007298BD /* Debug */,
				CC6C3F4A2A6BB7E4007298BD /* Release */,
			);
			defaultConfigurationIsVisible = 0;
			defaultConfigurationName = Release;
		};
/* End XCConfigurationList section */

/* Begin XCVersionGroup section */
		CC6C3F522A80CD48007298BD /* Data.xcdatamodeld */ = {
			isa = XCVersionGroup;
			children = (
				CC6C3F532A80CD48007298BD /* Data.xcdatamodel */,
			);
			currentVersion = CC6C3F532A80CD48007298BD /* Data.xcdatamodel */;
			path = Data.xcdatamodeld;
			sourceTree = "<group>";
			versionGroupType = wrapper.xcdatamodel;
		};
/* End XCVersionGroup section */
	};
	rootObject = CC6C3F322A6BB7E2007298BD /* Project object */;
}
